
Microsoft Visual Studio Solution File, Format Version 12.00
# Visual Studio Version 16
VisualStudioVersion = 16.0.28803.202
MinimumVisualStudioVersion = 10.0.40219.1
Project("{9A19103F-16F7-4668-BE54-9A1E7A4F7556}") = "WebApplication_aspcore", "WebApplication_aspcore\WebApplication_aspcore.csproj", "{E0702CAA-8C6B-449E-88B4-B6C712A79047}"
EndProject
Project("{FAE04EC0-301F-11D3-BF4B-00C04F79EFBC}") = "Angular", "Angular\Angular.csproj", "{E555627F-A243-4AB9-AB65-79A3D9E20838}"
EndProject
Global
	GlobalSection(SolutionConfigurationPlatforms) = preSolution
		Debug|Any CPU = Debug|Any CPU
		Release|Any CPU = Release|Any CPU
	EndGlobalSection
	GlobalSection(ProjectConfigurationPlatforms) = postSolution
		{E0702CAA-8C6B-449E-88B4-B6C712A79047}.Debug|Any CPU.ActiveCfg = Debug|Any CPU
		{E0702CAA-8C6B-449E-88B4-B6C712A79047}.Debug|Any CPU.Build.0 = Debug|Any CPU
		{E0702CAA-8C6B-449E-88B4-B6C712A79047}.Release|Any CPU.ActiveCfg = Release|Any CPU
		{E0702CAA-8C6B-449E-88B4-B6C712A79047}.Release|Any CPU.Build.0 = Release|Any CPU
		{E555627F-A243-4AB9-AB65-79A3D9E20838}.Debug|Any CPU.ActiveCfg = Debug|Any CPU
		{E555627F-A243-4AB9-AB65-79A3D9E20838}.Debug|Any CPU.Build.0 = Debug|Any CPU
		{E555627F-A243-4AB9-AB65-79A3D9E20838}.Release|Any CPU.ActiveCfg = Release|Any CPU
		{E555627F-A243-4AB9-AB65-79A3D9E20838}.Release|Any CPU.Build.0 = Release|Any CPU
	EndGlobalSection
	GlobalSection(SolutionProperties) = preSolution
		HideSolutionNode = FALSE
	EndGlobalSection
	GlobalSection(ExtensibilityGlobals) = postSolution
		SolutionGuid = {CCE3BD03-077C-464A-A1BB-C310B4B7F3AA}
	EndGlobalSection
EndGlobal
